
Microsoft Visual Studio Solution File, Format Version 12.00
# Visual Studio Version 17
VisualStudioVersion = 17.0.31903.59
MinimumVisualStudioVersion = 10.0.40219.1
Project("{FAE04EC0-301F-11D3-BF4B-00C04F79EFBC}") = "WinServicesController", "WinServicesController\WinServicesController.csproj", "{33E89502-E752-4D8D-BF98-2530EB8B0175}"
EndProject
Project("{FAE04EC0-301F-11D3-BF4B-00C04F79EFBC}") = "WinServicesTestProject", "WinServicesTestProject\WinServicesTestProject.csproj", "{8F23C69C-85DB-4CED-9EC5-38B4D7A96DCA}"
EndProject
Global
	GlobalSection(SolutionConfigurationPlatforms) = preSolution
		Debug|Any CPU = Debug|Any CPU
		Release|Any CPU = Release|Any CPU
	EndGlobalSection
	GlobalSection(SolutionProperties) = preSolution
		HideSolutionNode = FALSE
	EndGlobalSection
	GlobalSection(ProjectConfigurationPlatforms) = postSolution
		{33E89502-E752-4D8D-BF98-2530EB8B0175}.Debug|Any CPU.ActiveCfg = Debug|Any CPU
		{33E89502-E752-4D8D-BF98-2530EB8B0175}.Debug|Any CPU.Build.0 = Debug|Any CPU
		{33E89502-E752-4D8D-BF98-2530EB8B0175}.Release|Any CPU.ActiveCfg = Release|Any CPU
		{33E89502-E752-4D8D-BF98-2530EB8B0175}.Release|Any CPU.Build.0 = Release|Any CPU
		{8F23C69C-85DB-4CED-9EC5-38B4D7A96DCA}.Debug|Any CPU.ActiveCfg = Debug|Any CPU
		{8F23C69C-85DB-4CED-9EC5-38B4D7A96DCA}.Debug|Any CPU.Build.0 = Debug|Any CPU
		{8F23C69C-85DB-4CED-9EC5-38B4D7A96DCA}.Release|Any CPU.ActiveCfg = Release|Any CPU
		{8F23C69C-85DB-4CED-9EC5-38B4D7A96DCA}.Release|Any CPU.Build.0 = Release|Any CPU
	EndGlobalSection
EndGlobal
